{
  "object": {
    "pins": [
      {
        "package": "AAInfographics",
        "repositoryURL": "https://github.com/AAChartModel/AAChartKit-Swift.git",
        "state": {
          "branch": null,
          "revision": "9be1dcdf92c5b9ed9e2b83f4dd9fbd801e40e1ce",
          "version": "6.0.0"
        }
      },
      {
        "package": "Nuke",
        "repositoryURL": "https://github.com/kean/Nuke.git",
        "state": {
          "branch": null,
          "revision": "ed4896dbd5c9e30dbd8c75db04c9614d2d751bd0",
          "version": "9.3.1"
        }
      },
      {
        "package": "Starscream",
        "repositoryURL": "https://github.com/daltoniam/Starscream.git",
        "state": {
          "branch": null,
          "revision": "df8d82047f6654d8e4b655d1b1525c64e1059d21",
          "version": "4.0.4"
        }
      },
      {
        "package": "StreamChat",
        "repositoryURL": "https://github.com/GetStream/stream-chat-swift.git",
        "state": {
          "branch": null,
          "revision": "7d19468779b6fe12f3e53f5d25c0a454fdeeb937",
          "version": "3.1.3"
        }
      },
      {
        "package": "SwiftyGif",
        "repositoryURL": "https://github.com/kirualex/SwiftyGif.git",
        "state": {
          "branch": null,
          "revision": "0cd770feed5807d9fd4fa8df5ad74b56b814b0c8",
          "version": "5.4.0"
        }
      },
      {
        "package": "SwiftyJSON",
        "repositoryURL": "https://github.com/SwiftyJSON/SwiftyJSON.git",
        "state": {
          "branch": null,
          "revision": "b3dcd7dbd0d488e1a7077cb33b00f2083e382f07",
          "version": "5.0.1"
        }
      }
    ]
  },
  "version": 1
}
